
Microsoft Visual Studio Solution File, Format Version 12.00
# Visual Studio 15
VisualStudioVersion = 15.0.27004.2009
MinimumVisualStudioVersion = 10.0.40219.1
Project("{FAE04EC0-301F-11D3-BF4B-00C04F79EFBC}") = "SpellChecker", "SpellChecker.csproj", "{F021E53E-592B-4204-A93A-6F90D0AA1190}"
EndProject
Global
	GlobalSection(SolutionConfigurationPlatforms) = preSolution
		Debug|Any CPU = Debug|Any CPU
		Release|Any CPU = Release|Any CPU
	EndGlobalSection
	GlobalSection(ProjectConfigurationPlatforms) = postSolution
		{F021E53E-592B-4204-A93A-6F90D0AA1190}.Debug|Any CPU.ActiveCfg = Debug|Any CPU
		{F021E53E-592B-4204-A93A-6F90D0AA1190}.Debug|Any CPU.Build.0 = Debug|Any CPU
		{F021E53E-592B-4204-A93A-6F90D0AA1190}.Release|Any CPU.ActiveCfg = Release|Any CPU
		{F021E53E-592B-4204-A93A-6F90D0AA1190}.Release|Any CPU.Build.0 = Release|Any CPU
	EndGlobalSection
	GlobalSection(SolutionProperties) = preSolution
		HideSolutionNode = FALSE
	EndGlobalSection
	GlobalSection(ExtensibilityGlobals) = postSolution
		SolutionGuid = {F68BD658-7383-4DA2-B00D-1F9D3CE66C1D}
	EndGlobalSection
EndGlobal
